
Microsoft Visual Studio Solution File, Format Version 11.00
# Visual Studio 2010
Project("{8BC9CEB8-8B4A-11D0-8D11-00A0C91BC942}") = "RESTproj2010", "RESTproj2010\RESTproj2010.vcxproj", "{B91B0545-8846-4930-91A4-C7073C87C734}"
EndProject
Project("{8BC9CEB8-8B4A-11D0-8D11-00A0C91BC942}") = "RESTdll", "RESTdll\RESTdll.vcxproj", "{D60D7F2F-7831-447C-9D87-7E2BAAA7D519}"
EndProject
Global
	GlobalSection(SolutionConfigurationPlatforms) = preSolution
		Debug|Win32 = Debug|Win32
		Release|Win32 = Release|Win32
	EndGlobalSection
	GlobalSection(ProjectConfigurationPlatforms) = postSolution
		{B91B0545-8846-4930-91A4-C7073C87C734}.Debug|Win32.ActiveCfg = Debug|Win32
		{B91B0545-8846-4930-91A4-C7073C87C734}.Debug|Win32.Build.0 = Debug|Win32
		{B91B0545-8846-4930-91A4-C7073C87C734}.Release|Win32.ActiveCfg = Release|Win32
		{B91B0545-8846-4930-91A4-C7073C87C734}.Release|Win32.Build.0 = Release|Win32
		{D60D7F2F-7831-447C-9D87-7E2BAAA7D519}.Debug|Win32.ActiveCfg = Debug|Win32
		{D60D7F2F-7831-447C-9D87-7E2BAAA7D519}.Debug|Win32.Build.0 = Debug|Win32
		{D60D7F2F-7831-447C-9D87-7E2BAAA7D519}.Release|Win32.ActiveCfg = Release|Win32
		{D60D7F2F-7831-447C-9D87-7E2BAAA7D519}.Release|Win32.Build.0 = Release|Win32
	EndGlobalSection
	GlobalSection(SolutionProperties) = preSolution
		HideSolutionNode = FALSE
	EndGlobalSection
EndGlobal
